
Microsoft Visual Studio Solution File, Format Version 12.00
# Visual Studio 14
VisualStudioVersion = 14.0.23107.0
MinimumVisualStudioVersion = 10.0.40219.1
Project("{FAE04EC0-301F-11D3-BF4B-00C04F79EFBC}") = "PFMDPOC", "PFMDPOC\PFMDPOC.csproj", "{B4BA8ED0-CC40-4BCA-AB9A-F336B80F2A32}"
EndProject
Project("{FAE04EC0-301F-11D3-BF4B-00C04F79EFBC}") = "PFMDPOC.Tests", "PFMDPOC.Tests\PFMDPOC.Tests.csproj", "{AFBBF1F9-9F87-46DB-B976-DDD3EFD8AA64}"
EndProject
Global
	GlobalSection(SolutionConfigurationPlatforms) = preSolution
		Debug|Any CPU = Debug|Any CPU
		Release|Any CPU = Release|Any CPU
	EndGlobalSection
	GlobalSection(ProjectConfigurationPlatforms) = postSolution
		{B4BA8ED0-CC40-4BCA-AB9A-F336B80F2A32}.Debug|Any CPU.ActiveCfg = Debug|Any CPU
		{B4BA8ED0-CC40-4BCA-AB9A-F336B80F2A32}.Debug|Any CPU.Build.0 = Debug|Any CPU
		{B4BA8ED0-CC40-4BCA-AB9A-F336B80F2A32}.Release|Any CPU.ActiveCfg = Release|Any CPU
		{B4BA8ED0-CC40-4BCA-AB9A-F336B80F2A32}.Release|Any CPU.Build.0 = Release|Any CPU
		{AFBBF1F9-9F87-46DB-B976-DDD3EFD8AA64}.Debug|Any CPU.ActiveCfg = Debug|Any CPU
		{AFBBF1F9-9F87-46DB-B976-DDD3EFD8AA64}.Debug|Any CPU.Build.0 = Debug|Any CPU
		{AFBBF1F9-9F87-46DB-B976-DDD3EFD8AA64}.Release|Any CPU.ActiveCfg = Release|Any CPU
		{AFBBF1F9-9F87-46DB-B976-DDD3EFD8AA64}.Release|Any CPU.Build.0 = Release|Any CPU
	EndGlobalSection
	GlobalSection(SolutionProperties) = preSolution
		HideSolutionNode = FALSE
	EndGlobalSection
EndGlobal
